
Microsoft Visual Studio Solution File, Format Version 12.00
# Visual Studio 15
VisualStudioVersion = 15.0.26730.10
MinimumVisualStudioVersion = 10.0.40219.1
Project("{8BC9CEB8-8B4A-11D0-8D11-00A0C91BC942}") = "NP", "NP\NP.vcxproj", "{0112D48A-7A11-4850-9EB6-BD7FCE64EF0C}"
EndProject
Global
	GlobalSection(SolutionConfigurationPlatforms) = preSolution
		Debug|x64 = Debug|x64
		Debug|x86 = Debug|x86
		Release|x64 = Release|x64
		Release|x86 = Release|x86
	EndGlobalSection
	GlobalSection(ProjectConfigurationPlatforms) = postSolution
		{0112D48A-7A11-4850-9EB6-BD7FCE64EF0C}.Debug|x64.ActiveCfg = Debug|x64
		{0112D48A-7A11-4850-9EB6-BD7FCE64EF0C}.Debug|x64.Build.0 = Debug|x64
		{0112D48A-7A11-4850-9EB6-BD7FCE64EF0C}.Debug|x86.ActiveCfg = Debug|Win32
		{0112D48A-7A11-4850-9EB6-BD7FCE64EF0C}.Debug|x86.Build.0 = Debug|Win32
		{0112D48A-7A11-4850-9EB6-BD7FCE64EF0C}.Release|x64.ActiveCfg = Release|x64
		{0112D48A-7A11-4850-9EB6-BD7FCE64EF0C}.Release|x64.Build.0 = Release|x64
		{0112D48A-7A11-4850-9EB6-BD7FCE64EF0C}.Release|x86.ActiveCfg = Release|Win32
		{0112D48A-7A11-4850-9EB6-BD7FCE64EF0C}.Release|x86.Build.0 = Release|Win32
	EndGlobalSection
	GlobalSection(SolutionProperties) = preSolution
		HideSolutionNode = FALSE
	EndGlobalSection
	GlobalSection(ExtensibilityGlobals) = postSolution
		SolutionGuid = {66C166F4-9B52-468E-A2AE-30CF1848DCF0}
	EndGlobalSection
EndGlobal
